# This file is autogenerated, do not edit; changes may be undone by the next 'dep ensure'.


[[projects]]
  digest = "1:3fcbf733a8d810a21265a7f2fe08a3353db2407da052b233f8b204b5afc03d9b"
  name = "github.com/Sirupsen/logrus"
  packages = ["."]
  pruneopts = ""
  revision = "3e01752db0189b9157070a0e1668a620f9a85da2"
  version = "v1.0.6"

[[projects]]
  digest = "1:b56f5ef4d2ed0ef167b6aa5572ce38c75baf33d5d25fef1dfb4c1128cf079942"
  name = "github.com/astaxie/beego"
  packages = [
    ".",
    "cache",
    "cache/redis",
    "config",
    "context",
    "context/param",
    "grace",
    "logs",
    "orm",
    "session",
    "toolbox",
    "utils",
  ]
  pruneopts = ""
  revision = "a09bafbf2ab483742b17bb352f95dbc0a597e720"
  version = "v1.10.0"

[[projects]]
  branch = "master"
  digest = "1:c2fa0df282c24233688198a59d356c3fafb136c56f69902d0319c86d0ab8b0dc"
  name = "github.com/cloudflare/cfssl"
  packages = [
    "api",
    "auth",
    "certdb",
    "config",
    "crypto/pkcs7",
    "csr",
    "errors",
    "helpers",
    "helpers/derhelpers",
    "info",
    "log",
    "ocsp/config",
    "signer",
  ]
  pruneopts = ""
  revision = "80d5f5b4cfe73f5a918b851f03d468eb28499131"

[[projects]]
  digest = "1:eb53021a8aa3f599d29c7102e65026242bdedce998a54837dc67f14b6a97c5fd"
  name = "github.com/fsnotify/fsnotify"
  packages = ["."]
  pruneopts = ""
  revision = "c2828203cd70a50dcccfb2761f8b1f8ceef9a8e9"
  version = "v1.4.7"

[[projects]]
  digest = "1:c07de423ca37dc2765396d6971599ab652a339538084b9b58c9f7fc533b28525"
  name = "github.com/go-sql-driver/mysql"
  packages = ["."]
  pruneopts = ""
  revision = "d523deb1b23d913de5bdada721a6071e71283618"
  version = "v1.4.0"

[[projects]]
  digest = "1:f958a1c137db276e52f0b50efee41a1a389dcdded59a69711f3e872757dab34b"
  name = "github.com/golang/protobuf"
  packages = [
    "proto",
    "ptypes",
    "ptypes/any",
    "ptypes/duration",
    "ptypes/timestamp",
  ]
  pruneopts = ""
  revision = "b4deda0973fb4c70b50d226b1af49f3da59f5265"
  version = "v1.1.0"

[[projects]]
  digest = "1:dcf8316121302735c0ac84e05f4686e3b34e284444435e9a206da48d8be18cb1"
  name = "github.com/gomodule/redigo"
  packages = [
    "internal",
    "redis",
  ]
  pruneopts = ""
  revision = "9c11da706d9b7902c6da69c592f75637793fe121"
  version = "v2.0.0"

[[projects]]
  digest = "1:cf805776c2f90b69b69df23c8ff3753981b80e365cdfbe1b9d0cef50668c85c8"
  name = "github.com/google/certificate-transparency-go"
  packages = [
    ".",
    "asn1",
    "tls",
    "x509",
    "x509/pkix",
  ]
  pruneopts = ""
  revision = "5ab67e519c93568ac3ee50fd6772a5bcf8aa460d"

[[projects]]
  branch = "master"
  digest = "1:6919f4f0d769f1e797a3e85f58fbb6f6238fbe434e55638c24ee572aff90e1fc"
  name = "github.com/gopherjs/gopherjs"
  packages = ["js"]
  pruneopts = ""
  revision = "0892b62f0d9fb5857760c3cfca837207185117ee"

[[projects]]
  branch = "master"
  digest = "1:9b7c5846d70f425d7fe279595e32a20994c6075e87be03b5c367ed07280877c5"
  name = "github.com/hashicorp/hcl"
  packages = [
    ".",
    "hcl/ast",
    "hcl/parser",
    "hcl/printer",
    "hcl/scanner",
    "hcl/strconv",
    "hcl/token",
    "json/parser",
    "json/scanner",
    "json/token",
  ]
  pruneopts = ""
  revision = "ef8a98b0bbce4a65b5aa4c368430a80ddc533168"

[[projects]]
  digest = "1:3182f35c874aa51984328d7244d33c05beafa2be04edeb16899cda9736246e03"
  name = "github.com/hyperledger/fabric-sdk-go"
  packages = [
    "api/apiconfig",
    "api/apicryptosuite",
    "api/apifabca",
    "api/apifabclient",
    "api/apilogging",
    "api/apitxn/chclient",
    "api/apitxn/chmgmtclient",
    "api/apitxn/resmgmtclient",
    "api/kvstore",
    "internal/github.com/hyperledger/fabric-ca/api",
    "internal/github.com/hyperledger/fabric-ca/lib",
    "internal/github.com/hyperledger/fabric-ca/lib/tls",
    "internal/github.com/hyperledger/fabric-ca/sdkpatch/cryptosuitebridge",
    "internal/github.com/hyperledger/fabric-ca/sdkpatch/logbridge",
    "internal/github.com/hyperledger/fabric-ca/util",
    "internal/github.com/hyperledger/fabric/bccsp",
    "internal/github.com/hyperledger/fabric/bccsp/factory/sw",
    "internal/github.com/hyperledger/fabric/bccsp/signer",
    "internal/github.com/hyperledger/fabric/bccsp/sw",
    "internal/github.com/hyperledger/fabric/bccsp/utils",
    "internal/github.com/hyperledger/fabric/common/channelconfig",
    "internal/github.com/hyperledger/fabric/common/crypto",
    "internal/github.com/hyperledger/fabric/common/util",
    "internal/github.com/hyperledger/fabric/events/consumer",
    "internal/github.com/hyperledger/fabric/msp",
    "internal/github.com/hyperledger/fabric/protos/orderer",
    "internal/github.com/hyperledger/fabric/sdkpatch/cryptosuitebridge",
    "internal/github.com/hyperledger/fabric/sdkpatch/logbridge",
    "pkg/config",
    "pkg/config/comm",
    "pkg/config/cryptoutil",
    "pkg/config/urlutil",
    "pkg/cryptosuite",
    "pkg/cryptosuite/bccsp/sw",
    "pkg/cryptosuite/bccsp/wrapper",
    "pkg/errors/multi",
    "pkg/errors/retry",
    "pkg/errors/status",
    "pkg/fabric-ca-client",
    "pkg/fabric-client",
    "pkg/fabric-client/channel",
    "pkg/fabric-client/chconfig",
    "pkg/fabric-client/credentialmgr",
    "pkg/fabric-client/credentialmgr/persistence",
    "pkg/fabric-client/events",
    "pkg/fabric-client/events/consumer",
    "pkg/fabric-client/identity",
    "pkg/fabric-client/keyvaluestore",
    "pkg/fabric-client/mocks",
    "pkg/fabric-client/orderer",
    "pkg/fabric-client/peer",
    "pkg/fabric-client/resource",
    "pkg/fabric-client/signingmgr",
    "pkg/fabric-client/txn",
    "pkg/fabric-txn/chclient",
    "pkg/fabric-txn/chmgmtclient",
    "pkg/fabric-txn/discovery",
    "pkg/fabric-txn/discovery/greylist",
    "pkg/fabric-txn/discovery/staticdiscovery",
    "pkg/fabric-txn/resmgmtclient",
    "pkg/fabric-txn/selection/staticselection",
    "pkg/fabric-txn/txnhandler",
    "pkg/fabsdk",
    "pkg/fabsdk/api",
    "pkg/fabsdk/factory/defclient",
    "pkg/fabsdk/factory/defcore",
    "pkg/fabsdk/factory/defsvc",
    "pkg/fabsdk/provider/chpvdr",
    "pkg/fabsdk/provider/fabpvdr",
    "pkg/logging",
    "pkg/logging/decorator",
    "pkg/logging/modlog",
    "pkg/logging/utils",
    "test/metadata",
    "third_party/github.com/hyperledger/fabric/core/ledger/kvledger/txmgmt/rwsetutil",
    "third_party/github.com/hyperledger/fabric/core/ledger/util",
    "third_party/github.com/hyperledger/fabric/protos/common",
    "third_party/github.com/hyperledger/fabric/protos/ledger/rwset",
    "third_party/github.com/hyperledger/fabric/protos/ledger/rwset/kvrwset",
    "third_party/github.com/hyperledger/fabric/protos/msp",
    "third_party/github.com/hyperledger/fabric/protos/orderer",
    "third_party/github.com/hyperledger/fabric/protos/peer",
    "third_party/github.com/hyperledger/fabric/protos/utils",
  ]
  pruneopts = ""
  revision = "614551a752802488988921a730b172dada7def1d"

[[projects]]
  digest = "1:d8ead22d381cfed54d53be7d935eb0f9f2b75889a4fb595802844b805dc13b87"
  name = "github.com/jtolds/gls"
  packages = ["."]
  pruneopts = ""
  revision = "77f18212c9c7edc9bd6a33d383a7b545ce62f064"
  version = "v4.2.1"

[[projects]]
  digest = "1:961dc3b1d11f969370533390fdf203813162980c858e1dabe827b60940c909a5"
  name = "github.com/magiconair/properties"
  packages = ["."]
  pruneopts = ""
  revision = "c2353362d570a7bfa228149c62842019201cfb71"
  version = "v1.8.0"

[[projects]]
  branch = "master"
  digest = "1:f43ed2c836208c14f45158fd01577c985688a4d11cf9fd475a939819fef3b321"
  name = "github.com/mitchellh/mapstructure"
  packages = ["."]
  pruneopts = ""
  revision = "f15292f7a699fcc1a38a80977f80a046874ba8ac"

[[projects]]
  digest = "1:894aef961c056b6d85d12bac890bf60c44e99b46292888bfa66caf529f804457"
  name = "github.com/pelletier/go-toml"
  packages = ["."]
  pruneopts = ""
  revision = "c01d1270ff3e442a8a57cddc1c92dc1138598194"
  version = "v1.2.0"

[[projects]]
  branch = "master"
  digest = "1:edf55a9a482f7883632a230443fc11d09a5ddb1eadc6c9457c01c75b7625a406"
  name = "github.com/pkg/errors"
  packages = ["."]
  pruneopts = ""
  revision = "816c9085562cd7ee03e7f8188a1cfd942858cded"

[[projects]]
  digest = "1:c686b5040ec4be5005e10020ce3d1d7f888bfae796a039addf7d9071d8776be8"
  name = "github.com/smartystreets/assertions"
  packages = [
    ".",
    "internal/go-render/render",
    "internal/oglematchers",
  ]
  pruneopts = ""
  revision = "7678a5452ebea5b7090a6b163f844c133f523da2"
  version = "1.8.3"

[[projects]]
  digest = "1:dd808f0f1628ff85a1b54424d3e6a61c54a87353d5063b9b5c82ad360f0346d5"
  name = "github.com/smartystreets/goconvey"
  packages = [
    "convey",
    "convey/gotest",
    "convey/reporting",
  ]
  pruneopts = ""
  revision = "9e8dc3f972df6c8fcc0375ef492c24d0bb204857"
  version = "1.6.3"

[[projects]]
  digest = "1:7ba2551c9a8de293bc575dbe2c0d862c52252d26f267f784547f059f512471c8"
  name = "github.com/spf13/afero"
  packages = [
    ".",
    "mem",
  ]
  pruneopts = ""
  revision = "787d034dfe70e44075ccc060d346146ef53270ad"
  version = "v1.1.1"

[[projects]]
  digest = "1:d0b38ba6da419a6d4380700218eeec8623841d44a856bb57369c172fbf692ab4"
  name = "github.com/spf13/cast"
  packages = ["."]
  pruneopts = ""
  revision = "8965335b8c7107321228e3e3702cab9832751bac"
  version = "v1.2.0"

[[projects]]
  branch = "master"
  digest = "1:104517520aab91164020ab6524a5d6b7cafc641b2e42ac6236f6ac1deac4f66a"
  name = "github.com/spf13/jwalterweatherman"
  packages = ["."]
  pruneopts = ""
  revision = "7c0cea34c8ece3fbeb2b27ab9b59511d360fb394"

[[projects]]
  digest = "1:8e243c568f36b09031ec18dff5f7d2769dcf5ca4d624ea511c8e3197dc3d352d"
  name = "github.com/spf13/pflag"
  packages = ["."]
  pruneopts = ""
  revision = "583c0c0531f06d5278b7d917446061adc344b5cd"
  version = "v1.0.1"

[[projects]]
  branch = "master"
  digest = "1:e5ae26fcc7eb9c65cd441f21a0d2f1612b0f94e721817a4b40a1bf70297c9078"
  name = "github.com/spf13/viper"
  packages = ["."]
  pruneopts = ""
  revision = "d493c32b69b8c6f2377bf30bc4d70267ffbc0793"

[[projects]]
  branch = "master"
  digest = "1:8c7361ff6bbdbcff32b46200a01d130dc3377043eab36eb48eff69441bfba11b"
  name = "github.com/weilaihui/fdfs_client"
  packages = ["."]
  pruneopts = ""
  revision = "8b79fee5a0a5812a1b492f7e2c2c5b7728aab0e3"

[[projects]]
  branch = "master"
  digest = "1:7995693d59334bcaeec52fda2c3304923981983bd92335d96c61214626b479dd"
  name = "github.com/weilaihui/goconfig"
  packages = ["config"]
  pruneopts = ""
  revision = "5eb5594b15a370066c71ce8c508c5d08b9d56edd"

[[projects]]
  branch = "master"
  digest = "1:cae234a803b78380e4d769db6036b9fcc8c08ed4ff862571ffc1a958edc1f629"
  name = "golang.org/x/crypto"
  packages = [
    "acme",
    "acme/autocert",
    "cryptobyte",
    "cryptobyte/asn1",
    "ed25519",
    "ed25519/internal/edwards25519",
    "ocsp",
    "pkcs12",
    "pkcs12/internal/rc2",
    "sha3",
    "ssh/terminal",
  ]
  pruneopts = ""
  revision = "c126467f60eb25f8f27e5a981f32a87e3965053f"

[[projects]]
  branch = "master"
  digest = "1:96d281cfaaa12ac602772da38ac85f00d59b1d3aa7bfe69d8ba334d6ee41e3e6"
  name = "golang.org/x/net"
  packages = [
    "context",
    "http/httpguts",
    "http2",
    "http2/hpack",
    "idna",
    "internal/timeseries",
    "trace",
  ]
  pruneopts = ""
  revision = "3673e40ba22529d22c3fd7c93e97b0ce50fa7bdd"

[[projects]]
  branch = "master"
  digest = "1:dd631ee90bd2e7aa16b6e094217d77a797684b52811374c948c695cbb46b5bbb"
  name = "golang.org/x/sys"
  packages = [
    "unix",
    "windows",
  ]
  pruneopts = ""
  revision = "bd9dbc187b6e1dacfdd2722a87e83093c2d7bd6e"

[[projects]]
  digest = "1:5acd3512b047305d49e8763eef7ba423901e85d5dd2fd1e71778a0ea8de10bd4"
  name = "golang.org/x/text"
  packages = [
    "collate",
    "collate/build",
    "internal/colltab",
    "internal/gen",
    "internal/tag",
    "internal/triegen",
    "internal/ucd",
    "language",
    "secure/bidirule",
    "transform",
    "unicode/bidi",
    "unicode/cldr",
    "unicode/norm",
    "unicode/rangetable",
  ]
  pruneopts = ""
  revision = "f21a4dfb5e38f5895301dc265a8def02365cc3d0"
  version = "v0.3.0"

[[projects]]
  digest = "1:c1771ca6060335f9768dff6558108bc5ef6c58506821ad43377ee23ff059e472"
  name = "google.golang.org/appengine"
  packages = ["cloudsql"]
  pruneopts = ""
  revision = "b1f26356af11148e710935ed1ac8a7f5702c7612"
  version = "v1.1.0"

[[projects]]
  branch = "master"
  digest = "1:282b4a7158a161508e442b0a1c24fcf771c66ada2c93921f4b8ddc6b0a5e0c9b"
  name = "google.golang.org/genproto"
  packages = ["googleapis/rpc/status"]
  pruneopts = ""
  revision = "2a72893556e4d1f6c795a4c039314c9fa751eedb"

[[projects]]
  digest = "1:5f31b45ee9da7a87f140bef3ed0a7ca34ea2a6d38eb888123b8e28170e8aa4f2"
  name = "google.golang.org/grpc"
  packages = [
    ".",
    "balancer",
    "balancer/base",
    "balancer/roundrobin",
    "codes",
    "connectivity",
    "credentials",
    "encoding",
    "encoding/proto",
    "grpclog",
    "internal",
    "internal/backoff",
    "internal/channelz",
    "internal/grpcrand",
    "keepalive",
    "metadata",
    "naming",
    "peer",
    "resolver",
    "resolver/dns",
    "resolver/passthrough",
    "stats",
    "status",
    "tap",
    "transport",
  ]
  pruneopts = ""
  revision = "168a6198bcb0ef175f7dacec0b8691fc141dc9b8"
  version = "v1.13.0"

[[projects]]
  digest = "1:f0620375dd1f6251d9973b5f2596228cc8042e887cd7f827e4220bc1ce8c30e2"
  name = "gopkg.in/yaml.v2"
  packages = ["."]
  pruneopts = ""
  revision = "5420a8b6744d3b0345ab293f6fcba19c978f1183"
  version = "v2.2.1"

[solve-meta]
  analyzer-name = "dep"
  analyzer-version = 1
  input-imports = [
    "github.com/astaxie/beego",
    "github.com/astaxie/beego/cache",
    "github.com/astaxie/beego/cache/redis",
    "github.com/astaxie/beego/config",
    "github.com/astaxie/beego/context",
    "github.com/astaxie/beego/orm",
    "github.com/go-sql-driver/mysql",
    "github.com/hyperledger/fabric-sdk-go/api/apitxn/chmgmtclient",
    "github.com/hyperledger/fabric-sdk-go/api/apitxn/resmgmtclient",
    "github.com/hyperledger/fabric-sdk-go/pkg/config",
    "github.com/hyperledger/fabric-sdk-go/pkg/fabsdk",
    "github.com/smartystreets/goconvey/convey",
    "github.com/weilaihui/fdfs_client",
  ]
  solver-name = "gps-cdcl"
  solver-version = 1
